// !$*UTF8*$!
{
	archiveVersion = 1;
	classes = {
	};
	objectVersion = 46;
	objects = {

/* Begin PBXBuildFile section */
		9A3043AD1CD6A31E00BA6BB4 /* ViewOneVar.swift in Sources */ = {isa = PBXBuildFile; fileRef = 9A3043AC1CD6A31E00BA6BB4 /* ViewOneVar.swift */; };
		9A3043AF1CD6B04000BA6BB4 /* ViewOneVarTwo.swift in Sources */ = {isa = PBXBuildFile; fileRef = 9A3043AE1CD6B04000BA6BB4 /* ViewOneVarTwo.swift */; };
		9A39D8D31CC300AD00AC4055 /* FlowControl.swift in Sources */ = {isa = PBXBuildFile; fileRef = 9A39D8D21CC300AD00AC4055 /* FlowControl.swift */; };
		9A58EF5B1C8E7FA60018572C /* AppDelegate.swift in Sources */ = {isa = PBXBuildFile; fileRef = 9A58EF5A1C8E7FA60018572C /* AppDelegate.swift */; };
		9A58EF5D1C8E7FA60018572C /* ViewController.swift in Sources */ = {isa = PBXBuildFile; fileRef = 9A58EF5C1C8E7FA60018572C /* ViewController.swift */; };
		9A58EF601C8E7FA60018572C /* Main.storyboard in Resources */ = {isa = PBXBuildFile; fileRef = 9A58EF5E1C8E7FA60018572C /* Main.storyboard */; };
		9A58EF621C8E7FA60018572C /* Assets.xcassets in Resources */ = {isa = PBXBuildFile; fileRef = 9A58EF611C8E7FA60018572C /* Assets.xcassets */; };
		9A58EF651C8E7FA60018572C /* LaunchScreen.storyboard in Resources */ = {isa = PBXBuildFile; fileRef = 9A58EF631C8E7FA60018572C /* LaunchScreen.storyboard */; };
		9A58EF8B1C9091C80018572C /* ViewControllerOne.swift in Sources */ = {isa = PBXBuildFile; fileRef = 9A58EF8A1C9091C80018572C /* ViewControllerOne.swift */; };
		9A8F3D5E1CCC5070001BDCEB /* ViewFull.swift in Sources */ = {isa = PBXBuildFile; fileRef = 9A8F3D5D1CCC5070001BDCEB /* ViewFull.swift */; };
		9A8F3D601CCC5247001BDCEB /* View.swift in Sources */ = {isa = PBXBuildFile; fileRef = 9A8F3D5F1CCC5247001BDCEB /* View.swift */; };
		9A976E6E1CB325E7006F901B /* ConfigurationViewController.swift in Sources */ = {isa = PBXBuildFile; fileRef = 9A976E6D1CB325E7006F901B /* ConfigurationViewController.swift */; };
/* End PBXBuildFile section */

/* Begin PBXFileReference section */
		9A3043AC1CD6A31E00BA6BB4 /* ViewOneVar.swift */ = {isa = PBXFileReference; fileEncoding = 4; lastKnownFileType = sourcecode.swift; name = ViewOneVar.swift; path = ../ViewOneVar.swift; sourceTree = "<group>"; };
		9A3043AE1CD6B04000BA6BB4 /* ViewOneVarTwo.swift */ = {isa = PBXFileReference; fileEncoding = 4; lastKnownFileType = sourcecode.swift; path = ViewOneVarTwo.swift; sourceTree = "<group>"; };
		9A39D8D21CC300AD00AC4055 /* FlowControl.swift */ = {isa = PBXFileReference; fileEncoding = 4; lastKnownFileType = sourcecode.swift; path = FlowControl.swift; sourceTree = "<group>"; };
		9A58EF571C8E7FA60018572C /* iOSProyectoFinal.app */ = {isa = PBXFileReference; explicitFileType = wrapper.application; includeInIndex = 0; path = iOSProyectoFinal.app; sourceTree = BUILT_PRODUCTS_DIR; };
		9A58EF5A1C8E7FA60018572C /* AppDelegate.swift */ = {isa = PBXFileReference; lastKnownFileType = sourcecode.swift; path = AppDelegate.swift; sourceTree = "<group>"; };
		9A58EF5C1C8E7FA60018572C /* ViewController.swift */ = {isa = PBXFileReference; lastKnownFileType = sourcecode.swift; path = ViewController.swift; sourceTree = "<group>"; };
		9A58EF5F1C8E7FA60018572C /* Base */ = {isa = PBXFileReference; lastKnownFileType = file.storyboard; name = Base; path = Base.lproj/Main.storyboard; sourceTree = "<group>"; };
		9A58EF611C8E7FA60018572C /* Assets.xcassets */ = {isa = PBXFileReference; lastKnownFileType = folder.assetcatalog; path = Assets.xcassets; sourceTree = "<group>"; };
		9A58EF641C8E7FA60018572C /* Base */ = {isa = PBXFileReference; lastKnownFileType = file.storyboard; name = Base; path = Base.lproj/LaunchScreen.storyboard; sourceTree = "<group>"; };
		9A58EF661C8E7FA60018572C /* Info.plist */ = {isa = PBXFileReference; lastKnownFileType = text.plist.xml; path = Info.plist; sourceTree = "<group>"; };
		9A58EF8A1C9091C80018572C /* ViewControllerOne.swift */ = {isa = PBXFileReference; fileEncoding = 4; lastKnownFileType = sourcecode.swift; path = ViewControllerOne.swift; sourceTree = "<group>"; };
		9A8F3D5D1CCC5070001BDCEB /* ViewFull.swift */ = {isa = PBXFileReference; fileEncoding = 4; lastKnownFileType = sourcecode.swift; path = ViewFull.swift; sourceTree = "<group>"; };
		9A8F3D5F1CCC5247001BDCEB /* View.swift */ = {isa = PBXFileReference; fileEncoding = 4; lastKnownFileType = sourcecode.swift; path = View.swift; sourceTree = "<group>"; };
		9A8F3D611CCC5D16001BDCEB /* MyPlayground.playground */ = {isa = PBXFileReference; lastKnownFileType = file.playground; name = MyPlayground.playground; path = ../MyPlayground.playground; sourceTree = "<group>"; };
		9A976E6D1CB325E7006F901B /* ConfigurationViewController.swift */ = {isa = PBXFileReference; fileEncoding = 4; lastKnownFileType = sourcecode.swift; path = ConfigurationViewController.swift; sourceTree = "<group>"; };
/* End PBXFileReference section */

/* Begin PBXFrameworksBuildPhase section */
		9A58EF541C8E7FA60018572C /* Frameworks */ = {
			isa = PBXFrameworksBuildPhase;
			buildActionMask = 2147483647;
			files = (
			);
			runOnlyForDeploymentPostprocessing = 0;
		};
/* End PBXFrameworksBuildPhase section */

/* Begin PBXGroup section */
		9A58EF4E1C8E7FA60018572C = {
			isa = PBXGroup;
			children = (
				9A58EF591C8E7FA60018572C /* iOSProyectoFinal */,
				9A58EF581C8E7FA60018572C /* Products */,
			);
			sourceTree = "<group>";
		};
		9A58EF581C8E7FA60018572C /* Products */ = {
			isa = PBXGroup;
			children = (
				9A58EF571C8E7FA60018572C /* iOSProyectoFinal.app */,
			);
			name = Products;
			sourceTree = "<group>";
		};
		9A58EF591C8E7FA60018572C /* iOSProyectoFinal */ = {
			isa = PBXGroup;
			children = (
				9A58EF5A1C8E7FA60018572C /* AppDelegate.swift */,
				9A3043AC1CD6A31E00BA6BB4 /* ViewOneVar.swift */,
				9A58EF5C1C8E7FA60018572C /* ViewController.swift */,
				9A58EF5E1C8E7FA60018572C /* Main.storyboard */,
				9A976E6D1CB325E7006F901B /* ConfigurationViewController.swift */,
				9A58EF8A1C9091C80018572C /* ViewControllerOne.swift */,
				9A8F3D5F1CCC5247001BDCEB /* View.swift */,
				9A3043AE1CD6B04000BA6BB4 /* ViewOneVarTwo.swift */,
				9A39D8D21CC300AD00AC4055 /* FlowControl.swift */,
				9A8F3D5D1CCC5070001BDCEB /* ViewFull.swift */,
				9A8F3D611CCC5D16001BDCEB /* MyPlayground.playground */,
				9A58EF611C8E7FA60018572C /* Assets.xcassets */,
				9A58EF631C8E7FA60018572C /* LaunchScreen.storyboard */,
				9A58EF661C8E7FA60018572C /* Info.plist */,
			);
			path = iOSProyectoFinal;
			sourceTree = "<group>";
		};
/* End PBXGroup section */

/* Begin PBXNativeTarget section */
		9A58EF561C8E7FA60018572C /* iOSProyectoFinal */ = {
			isa = PBXNativeTarget;
			buildConfigurationList = 9A58EF691C8E7FA60018572C /* Build configuration list for PBXNativeTarget "iOSProyectoFinal" */;
			buildPhases = (
				9A58EF531C8E7FA60018572C /* Sources */,
				9A58EF541C8E7FA60018572C /* Frameworks */,
				9A58EF551C8E7FA60018572C /* Resources */,
			);
			buildRules = (
			);
			dependencies = (
			);
			name = iOSProyectoFinal;
			productName = iOSProyectoFinal;
			productReference = 9A58EF571C8E7FA60018572C /* iOSProyectoFinal.app */;
			productType = "com.apple.product-type.application";
		};
/* End PBXNativeTarget section */

/* Begin PBXProject section */
		9A58EF4F1C8E7FA60018572C /* Project object */ = {
			isa = PBXProject;
			attributes = {
				LastSwiftUpdateCheck = 0720;
				LastUpgradeCheck = 0720;
				ORGANIZATIONNAME = "Hugo Gonzalez";
				TargetAttributes = {
					9A58EF561C8E7FA60018572C = {
						CreatedOnToolsVersion = 7.2.1;
					};
				};
			};
			buildConfigurationList = 9A58EF521C8E7FA60018572C /* Build configuration list for PBXProject "iOSProyectoFinal" */;
			compatibilityVersion = "Xcode 3.2";
			developmentRegion = English;
			hasScannedForEncodings = 0;
			knownRegions = (
				en,
				Base,
			);
			mainGroup = 9A58EF4E1C8E7FA60018572C;
			productRefGroup = 9A58EF581C8E7FA60018572C /* Products */;
			projectDirPath = "";
			projectRoot = "";
			targets = (
				9A58EF561C8E7FA60018572C /* iOSProyectoFinal */,
			);
		};
/* End PBXProject section */

/* Begin PBXResourcesBuildPhase section */
		9A58EF551C8E7FA60018572C /* Resources */ = {
			isa = PBXResourcesBuildPhase;
			buildActionMask = 2147483647;
			files = (
				9A58EF651C8E7FA60018572C /* LaunchScreen.storyboard in Resources */,
				9A58EF621C8E7FA60018572C /* Assets.xcassets in Resources */,
				9A58EF601C8E7FA60018572C /* Main.storyboard in Resources */,
			);
			runOnlyForDeploymentPostprocessing = 0;
		};
/* End PBXResourcesBuildPhase section */

/* Begin PBXSourcesBuildPhase section */
		9A58EF531C8E7FA60018572C /* Sources */ = {
			isa = PBXSourcesBuildPhase;
			buildActionMask = 2147483647;
			files = (
				9A58EF8B1C9091C80018572C /* ViewControllerOne.swift in Sources */,
				9A3043AD1CD6A31E00BA6BB4 /* ViewOneVar.swift in Sources */,
				9A8F3D5E1CCC5070001BDCEB /* ViewFull.swift in Sources */,
				9A3043AF1CD6B04000BA6BB4 /* ViewOneVarTwo.swift in Sources */,
				9A976E6E1CB325E7006F901B /* ConfigurationViewController.swift in Sources */,
				9A58EF5D1C8E7FA60018572C /* ViewController.swift in Sources */,
				9A39D8D31CC300AD00AC4055 /* FlowControl.swift in Sources */,
				9A8F3D601CCC5247001BDCEB /* View.swift in Sources */,
				9A58EF5B1C8E7FA60018572C /* AppDelegate.swift in Sources */,
			);
			runOnlyForDeploymentPostprocessing = 0;
		};
/* End PBXSourcesBuildPhase section */

/* Begin PBXVariantGroup section */
		9A58EF5E1C8E7FA60018572C /* Main.storyboard */ = {
			isa = PBXVariantGroup;
			children = (
				9A58EF5F1C8E7FA60018572C /* Base */,
			);
			name = Main.storyboard;
			sourceTree = "<group>";
		};
		9A58EF631C8E7FA60018572C /* LaunchScreen.storyboard */ = {
			isa = PBXVariantGroup;
			children = (
				9A58EF641C8E7FA60018572C /* Base */,
			);
			name = LaunchScreen.storyboard;
			sourceTree = "<group>";
		};
/* End PBXVariantGroup section */

/* Begin XCBuildConfiguration section */
		9A58EF671C8E7FA60018572C /* Debug */ = {
			isa = XCBuildConfiguration;
			buildSettings = {
				ALWAYS_SEARCH_USER_PATHS = NO;
				CLANG_CXX_LANGUAGE_STANDARD = "gnu++0x";
				CLANG_CXX_LIBRARY = "libc++";
				CLANG_ENABLE_MODULES = YES;
				CLANG_ENABLE_OBJC_ARC = YES;
				CLANG_WARN_BOOL_CONVERSION = YES;
				CLANG_WARN_CONSTANT_CONVERSION = YES;
				CLANG_WARN_DIRECT_OBJC_ISA_USAGE = YES_ERROR;
				CLANG_WARN_EMPTY_BODY = YES;
				CLANG_WARN_ENUM_CONVERSION = YES;
				CLANG_WARN_INT_CONVERSION = YES;
				CLANG_WARN_OBJC_ROOT_CLASS = YES_ERROR;
				CLANG_WARN_UNREACHABLE_CODE = YES;
				CLANG_WARN__DUPLICATE_METHOD_MATCH = YES;
				"CODE_SIGN_IDENTITY[sdk=iphoneos*]" = "iPhone Developer";
				COPY_PHASE_STRIP = NO;
				DEBUG_INFORMATION_FORMAT = dwarf;
				ENABLE_STRICT_OBJC_MSGSEND = YES;
				ENABLE_TESTABILITY = YES;
				GCC_C_LANGUAGE_STANDARD = gnu99;
				GCC_DYNAMIC_NO_PIC = NO;
				GCC_NO_COMMON_BLOCKS = YES;
				GCC_OPTIMIZATION_LEVEL = 0;
				GCC_PREPROCESSOR_DEFINITIONS = (
					"DEBUG=1",
					"$(inherited)",
				);
				GCC_WARN_64_TO_32_BIT_CONVERSION = YES;
				GCC_WARN_ABOUT_RETURN_TYPE = YES_ERROR;
				GCC_WARN_UNDECLARED_SELECTOR = YES;
				GCC_WARN_UNINITIALIZED_AUTOS = YES_AGGRESSIVE;
				GCC_WARN_UNUSED_FUNCTION = YES;
				GCC_WARN_UNUSED_VARIABLE = YES;
				IPHONEOS_DEPLOYMENT_TARGET = 9.2;
				MTL_ENABLE_DEBUG_INFO = YES;
				ONLY_ACTIVE_ARCH = YES;
				SDKROOT = iphoneos;
				SWIFT_OPTIMIZATION_LEVEL = "-Onone";
				TARGETED_DEVICE_FAMILY = "1,2";
			};
			name = Debug;
		};
		9A58EF681C8E7FA60018572C /* Release */ = {
			isa = XCBuildConfiguration;
			buildSettings = {
				ALWAYS_SEARCH_USER_PATHS = NO;
				CLANG_CXX_LANGUAGE_STANDARD = "gnu++0x";
				CLANG_CXX_LIBRARY = "libc++";
				CLANG_ENABLE_MODULES = YES;
				CLANG_ENABLE_OBJC_ARC = YES;
				CLANG_WARN_BOOL_CONVERSION = YES;
				CLANG_WARN_CONSTANT_CONVERSION = YES;
				CLANG_WARN_DIRECT_OBJC_ISA_USAGE = YES_ERROR;
				CLANG_WARN_EMPTY_BODY = YES;
				CLANG_WARN_ENUM_CONVERSION = YES;
				CLANG_WARN_INT_CONVERSION = YES;
				CLANG_WARN_OBJC_ROOT_CLASS = YES_ERROR;
				CLANG_WARN_UNREACHABLE_CODE = YES;
				CLANG_WARN__DUPLICATE_METHOD_MATCH = YES;
				"CODE_SIGN_IDENTITY[sdk=iphoneos*]" = "iPhone Developer";
				COPY_PHASE_STRIP = NO;
				DEBUG_INFORMATION_FORMAT = "dwarf-with-dsym";
				ENABLE_NS_ASSERTIONS = NO;
				ENABLE_STRICT_OBJC_MSGSEND = YES;
				GCC_C_LANGUAGE_STANDARD = gnu99;
				GCC_NO_COMMON_BLOCKS = YES;
				GCC_WARN_64_TO_32_BIT_CONVERSION = YES;
				GCC_WARN_ABOUT_RETURN_TYPE = YES_ERROR;
				GCC_WARN_UNDECLARED_SELECTOR = YES;
				GCC_WARN_UNINITIALIZED_AUTOS = YES_AGGRESSIVE;
				GCC_WARN_UNUSED_FUNCTION = YES;
				GCC_WARN_UNUSED_VARIABLE = YES;
				IPHONEOS_DEPLOYMENT_TARGET = 9.2;
				MTL_ENABLE_DEBUG_INFO = NO;
				SDKROOT = iphoneos;
				TARGETED_DEVICE_FAMILY = "1,2";
				VALIDATE_PRODUCT = YES;
			};
			name = Release;
		};
		9A58EF6A1C8E7FA60018572C /* Debug */ = {
			isa = XCBuildConfiguration;
			buildSettings = {
				ASSETCATALOG_COMPILER_APPICON_NAME = AppIcon;
				INFOPLIST_FILE = iOSProyectoFinal/Info.plist;
				LD_RUNPATH_SEARCH_PATHS = "$(inherited) @executable_path/Frameworks";
				PRODUCT_BUNDLE_IDENTIFIER = ITESM.iOSProyectoFinal;
				PRODUCT_NAME = "$(TARGET_NAME)";
			};
			name = Debug;
		};
		9A58EF6B1C8E7FA60018572C /* Release */ = {
			isa = XCBuildConfiguration;
			buildSettings = {
				ASSETCATALOG_COMPILER_APPICON_NAME = AppIcon;
				INFOPLIST_FILE = iOSProyectoFinal/Info.plist;
				LD_RUNPATH_SEARCH_PATHS = "$(inherited) @executable_path/Frameworks";
				PRODUCT_BUNDLE_IDENTIFIER = ITESM.iOSProyectoFinal;
				PRODUCT_NAME = "$(TARGET_NAME)";
			};
			name = Release;
		};
/* End XCBuildConfiguration section */

/* Begin XCConfigurationList section */
		9A58EF521C8E7FA60018572C /* Build configuration list for PBXProject "iOSProyectoFinal" */ = {
			isa = XCConfigurationList;
			buildConfigurations = (
				9A58EF671C8E7FA60018572C /* Debug */,
				9A58EF681C8E7FA60018572C /* Release */,
			);
			defaultConfigurationIsVisible = 0;
			defaultConfigurationName = Release;
		};
		9A58EF691C8E7FA60018572C /* Build configuration list for PBXNativeTarget "iOSProyectoFinal" */ = {
			isa = XCConfigurationList;
			buildConfigurations = (
				9A58EF6A1C8E7FA60018572C /* Debug */,
				9A58EF6B1C8E7FA60018572C /* Release */,
			);
			defaultConfigurationIsVisible = 0;
			defaultConfigurationName = Release;
		};
/* End XCConfigurationList section */
	};
	rootObject = 9A58EF4F1C8E7FA60018572C /* Project object */;
}
